
Microsoft Visual Studio Solution File, Format Version 12.00
# Visual Studio Version 17
VisualStudioVersion = 17.11.35222.181
MinimumVisualStudioVersion = 10.0.40219.1
Project("{FAE04EC0-301F-11D3-BF4B-00C04F79EFBC}") = "ProgrammingTask", "ProgrammingTask\ProgrammingTask.csproj", "{CCDDD4A7-BAF1-47C6-A8C3-F5CDE34DEE58}"
EndProject
Global
	GlobalSection(SolutionConfigurationPlatforms) = preSolution
		Debug|Any CPU = Debug|Any CPU
		Release|Any CPU = Release|Any CPU
	EndGlobalSection
	GlobalSection(ProjectConfigurationPlatforms) = postSolution
		{CCDDD4A7-BAF1-47C6-A8C3-F5CDE34DEE58}.Debug|Any CPU.ActiveCfg = Debug|Any CPU
		{CCDDD4A7-BAF1-47C6-A8C3-F5CDE34DEE58}.Debug|Any CPU.Build.0 = Debug|Any CPU
		{CCDDD4A7-BAF1-47C6-A8C3-F5CDE34DEE58}.Release|Any CPU.ActiveCfg = Release|Any CPU
		{CCDDD4A7-BAF1-47C6-A8C3-F5CDE34DEE58}.Release|Any CPU.Build.0 = Release|Any CPU
	EndGlobalSection
	GlobalSection(SolutionProperties) = preSolution
		HideSolutionNode = FALSE
	EndGlobalSection
	GlobalSection(ExtensibilityGlobals) = postSolution
		SolutionGuid = {37914E92-409F-48E2-8F60-FD9B4F1E742E}
	EndGlobalSection
EndGlobal
